
Microsoft Visual Studio Solution File, Format Version 12.00
# Visual Studio 15
VisualStudioVersion = 15.0.28010.2016
MinimumVisualStudioVersion = 10.0.40219.1
Project("{FAE04EC0-301F-11D3-BF4B-00C04F79EFBC}") = "GitDemo", "GitDemo\GitDemo.csproj", "{9B79EE13-EDF7-4167-98C4-823CD6A2C169}"
EndProject
Global
	GlobalSection(SolutionConfigurationPlatforms) = preSolution
		Debug|Any CPU = Debug|Any CPU
		Release|Any CPU = Release|Any CPU
	EndGlobalSection
	GlobalSection(ProjectConfigurationPlatforms) = postSolution
		{9B79EE13-EDF7-4167-98C4-823CD6A2C169}.Debug|Any CPU.ActiveCfg = Debug|Any CPU
		{9B79EE13-EDF7-4167-98C4-823CD6A2C169}.Debug|Any CPU.Build.0 = Debug|Any CPU
		{9B79EE13-EDF7-4167-98C4-823CD6A2C169}.Release|Any CPU.ActiveCfg = Release|Any CPU
		{9B79EE13-EDF7-4167-98C4-823CD6A2C169}.Release|Any CPU.Build.0 = Release|Any CPU
	EndGlobalSection
	GlobalSection(SolutionProperties) = preSolution
		HideSolutionNode = FALSE
	EndGlobalSection
	GlobalSection(ExtensibilityGlobals) = postSolution
		SolutionGuid = {ED198D63-3820-4084-898F-49212FBE7AE4}
	EndGlobalSection
EndGlobal
